{
  "name": "flask_project",
  "lockfileVersion": 3,
  "requires": true,
  "packages": {
    "": {
      "dependencies": {
        "lancaster-stemmer": "^2.1.0"
      }
    },
    "node_modules/lancaster-stemmer": {
      "version": "2.1.0",
      "resolved": "https://registry.npmjs.org/lancaster-stemmer/-/lancaster-stemmer-2.1.0.tgz",
      "integrity": "sha512-EAy3W7D6mERl7EzDbbrmO0kF/n9fvqDtyM0UIB7TEoS8QrYE6oVjsxM3tsV08i+/Ks/MAAwLZb0w1NIunZXPuw==",
      "bin": {
        "lancaster-stemmer": "cli.js"
      },
      "funding": {
        "type": "github",
        "url": "https://github.com/sponsors/wooorm"
      }
    }
  }
}
